{
  "name": "python",
  "lockfileVersion": 3,
  "requires": true,
  "packages": {
    "": {
      "dependencies": {
        "lil-gui": "^0.21.0",
        "postprocessing": "^6.39.2",
        "three": "^0.185.1"
      }
    },
    "node_modules/lil-gui": {
      "version": "0.21.0",
      "resolved": "https://registry.npmjs.org/lil-gui/-/lil-gui-0.21.0.tgz",
      "integrity": "sha512-tpvxN7v1GvE/Tv+GRopfOp0W7fVEjF4PltkuX8vOCIfim22rD1ztvfkoEMcv9lzQeuNUSeIrUmUjBwmlW/oUew==",
      "license": "MIT"
    },
    "node_modules/postprocessing": {
      "version": "6.39.2",
      "resolved": "https://registry.npmjs.org/postprocessing/-/postprocessing-6.39.2.tgz",
      "integrity": "sha512-AxPY+xFyVOsz+8bbHSyQBoOK4AUqSQspTXXIsNcKhmGJRm/afHRAwZ8bKC02AeSPII0PW6lbCN84SgAoWFsKKA==",
      "license": "Zlib",
      "peerDependencies": {
        "three": ">= 0.168.0 < 0.186.0"
      }
    },
    "node_modules/three": {
      "version": "0.185.1",
      "resolved": "https://registry.npmjs.org/three/-/three-0.185.1.tgz",
      "integrity": "sha512-5aojFCXKwnjBRZvUnt3WFfEcvUJgkN5LlijRFN95hMy8WVkG4I0QNcJE+OuWvuJ0bOdStrbfXn0pkd6/QyiAlg==",
      "license": "MIT"
    }
  }
}
